
Microsoft Visual Studio Solution File, Format Version 12.00
# Visual Studio Version 17
VisualStudioVersion = 17.1.32421.90
MinimumVisualStudioVersion = 10.0.40219.1
Project("{FAE04EC0-301F-11D3-BF4B-00C04F79EFBC}") = "Proje_Ogrenci_Akademisyen", "Proje_Ogrenci_Akademisyen\Proje_Ogrenci_Akademisyen.csproj", "{0B5924AB-7E0B-4715-BD14-7C52993AD7F5}"
EndProject
Global
	GlobalSection(SolutionConfigurationPlatforms) = preSolution
		Debug|Any CPU = Debug|Any CPU
		Release|Any CPU = Release|Any CPU
	EndGlobalSection
	GlobalSection(ProjectConfigurationPlatforms) = postSolution
		{0B5924AB-7E0B-4715-BD14-7C52993AD7F5}.Debug|Any CPU.ActiveCfg = Debug|Any CPU
		{0B5924AB-7E0B-4715-BD14-7C52993AD7F5}.Debug|Any CPU.Build.0 = Debug|Any CPU
		{0B5924AB-7E0B-4715-BD14-7C52993AD7F5}.Release|Any CPU.ActiveCfg = Release|Any CPU
		{0B5924AB-7E0B-4715-BD14-7C52993AD7F5}.Release|Any CPU.Build.0 = Release|Any CPU
	EndGlobalSection
	GlobalSection(SolutionProperties) = preSolution
		HideSolutionNode = FALSE
	EndGlobalSection
	GlobalSection(ExtensibilityGlobals) = postSolution
		SolutionGuid = {91FEED83-91AF-4595-8A9E-0F52FE20BD32}
	EndGlobalSection
EndGlobal
